
Microsoft Visual Studio Solution File, Format Version 12.00
# Visual Studio Version 16
VisualStudioVersion = 16.0.32510.428
MinimumVisualStudioVersion = 10.0.40219.1
Project("{9A19103F-16F7-4668-BE54-9A1E7A4F7556}") = "Shop", "Shop\Shop.csproj", "{225174CC-856D-4885-B924-0862EEA4C8ED}"
EndProject
Project("{FAE04EC0-301F-11D3-BF4B-00C04F79EFBC}") = "Shop.Infrastructure", "Shop.Infrastructure\Shop.Infrastructure.csproj", "{078DC716-FF13-46D9-909F-01A77C0ABACF}"
EndProject
Global
	GlobalSection(SolutionConfigurationPlatforms) = preSolution
		Debug|Any CPU = Debug|Any CPU
		Release|Any CPU = Release|Any CPU
	EndGlobalSection
	GlobalSection(ProjectConfigurationPlatforms) = postSolution
		{225174CC-856D-4885-B924-0862EEA4C8ED}.Debug|Any CPU.ActiveCfg = Debug|Any CPU
		{225174CC-856D-4885-B924-0862EEA4C8ED}.Debug|Any CPU.Build.0 = Debug|Any CPU
		{225174CC-856D-4885-B924-0862EEA4C8ED}.Release|Any CPU.ActiveCfg = Release|Any CPU
		{225174CC-856D-4885-B924-0862EEA4C8ED}.Release|Any CPU.Build.0 = Release|Any CPU
		{078DC716-FF13-46D9-909F-01A77C0ABACF}.Debug|Any CPU.ActiveCfg = Debug|Any CPU
		{078DC716-FF13-46D9-909F-01A77C0ABACF}.Debug|Any CPU.Build.0 = Debug|Any CPU
		{078DC716-FF13-46D9-909F-01A77C0ABACF}.Release|Any CPU.ActiveCfg = Release|Any CPU
		{078DC716-FF13-46D9-909F-01A77C0ABACF}.Release|Any CPU.Build.0 = Release|Any CPU
	EndGlobalSection
	GlobalSection(SolutionProperties) = preSolution
		HideSolutionNode = FALSE
	EndGlobalSection
	GlobalSection(ExtensibilityGlobals) = postSolution
		SolutionGuid = {D89E8727-D8BF-4675-88A1-0999C268120F}
	EndGlobalSection
EndGlobal
